
Microsoft Visual Studio Solution File, Format Version 11.00
# Visual Studio 2010
Project("{2150E333-8FDC-42A3-9474-1A3956D46DE8}") = "Resources", "Resources", "{5C56C1E0-0A2F-4177-A9AB-803F0988D936}"
EndProject
Project("{2150E333-8FDC-42A3-9474-1A3956D46DE8}") = "TODO", "TODO", "{443441BB-71B0-4840-8AEA-784FFE9D9D0C}"
	ProjectSection(SolutionItems) = preProject
		TODO.txt = TODO.txt
	EndProjectSection
EndProject
Project("{8BC9CEB8-8B4A-11D0-8D11-00A0C91BC942}") = "algovis c++", "algovis c++\algovis c++.vcxproj", "{BB45DA32-95B6-470A-9FAD-F09A68560F4B}"
EndProject
Project("{8BC9CEB8-8B4A-11D0-8D11-00A0C91BC942}") = "algovis c++ unit-tests", "algovis c++ unit-tests\algovis c++ unit-tests.vcxproj", "{72E686BC-56D9-49CE-8E9B-BEA39B806A0C}"
EndProject
Project("{8BC9CEB8-8B4A-11D0-8D11-00A0C91BC942}") = "algovis test", "algovis test\algovis test.vcxproj", "{FADB562F-3F3E-4717-AC90-C25C719371C1}"
EndProject
Project("{8BC9CEB8-8B4A-11D0-8D11-00A0C91BC942}") = "utilities-lib", "..\..\resources\utilities-lib\utilities-lib.vcxproj", "{BCF21EF2-13E9-4240-8FA6-A089BE1CC3C6}"
EndProject
Project("{8BC9CEB8-8B4A-11D0-8D11-00A0C91BC942}") = "sfml-graphics", "..\..\resources\SFML\build\vc2008\sfml-graphics.vcxproj", "{FA4620B1-393A-4719-9BB4-3BC8CAA70C4B}"
EndProject
Project("{8BC9CEB8-8B4A-11D0-8D11-00A0C91BC942}") = "sfml-window", "..\..\resources\SFML\build\vc2008\sfml-window.vcxproj", "{0F9CE5F0-4D89-4314-9147-8AAB1B8842ED}"
EndProject
Project("{8BC9CEB8-8B4A-11D0-8D11-00A0C91BC942}") = "sfml-system", "..\..\resources\SFML\build\vc2008\sfml-system.vcxproj", "{C061A27D-7CA0-4179-9869-672FA04A86A8}"
EndProject
Project("{8BC9CEB8-8B4A-11D0-8D11-00A0C91BC942}") = "boost-subset", "..\..\resources\boost\boost-subset\boost-subset.vcxproj", "{A6DF0867-321A-4775-B808-D3CFD1408910}"
EndProject
Project("{8BC9CEB8-8B4A-11D0-8D11-00A0C91BC942}") = "cxxtest", "..\..\resources\cxxtest\v3.10.1\cxxtest.vcxproj", "{56A3809B-33B0-466C-A592-DB730C4D0202}"
EndProject
Project("{8BC9CEB8-8B4A-11D0-8D11-00A0C91BC942}") = "view", "..\..\trunk\view\view.vcxproj", "{0F8FA599-5004-4421-A227-E73683D09892}"
EndProject
Global
	GlobalSection(SolutionConfigurationPlatforms) = preSolution
		Debug DLL|Win32 = Debug DLL|Win32
		Debug static|Win32 = Debug static|Win32
		Debug|Win32 = Debug|Win32
		Release DLL|Win32 = Release DLL|Win32
		Release static|Win32 = Release static|Win32
		Release|Win32 = Release|Win32
	EndGlobalSection
	GlobalSection(ProjectConfigurationPlatforms) = postSolution
		{BB45DA32-95B6-470A-9FAD-F09A68560F4B}.Debug DLL|Win32.ActiveCfg = Debug|Win32
		{BB45DA32-95B6-470A-9FAD-F09A68560F4B}.Debug DLL|Win32.Build.0 = Debug|Win32
		{BB45DA32-95B6-470A-9FAD-F09A68560F4B}.Debug static|Win32.ActiveCfg = Debug|Win32
		{BB45DA32-95B6-470A-9FAD-F09A68560F4B}.Debug static|Win32.Build.0 = Debug|Win32
		{BB45DA32-95B6-470A-9FAD-F09A68560F4B}.Debug|Win32.ActiveCfg = Debug|Win32
		{BB45DA32-95B6-470A-9FAD-F09A68560F4B}.Debug|Win32.Build.0 = Debug|Win32
		{BB45DA32-95B6-470A-9FAD-F09A68560F4B}.Release DLL|Win32.ActiveCfg = Release|Win32
		{BB45DA32-95B6-470A-9FAD-F09A68560F4B}.Release DLL|Win32.Build.0 = Release|Win32
		{BB45DA32-95B6-470A-9FAD-F09A68560F4B}.Release static|Win32.ActiveCfg = Release|Win32
		{BB45DA32-95B6-470A-9FAD-F09A68560F4B}.Release static|Win32.Build.0 = Release|Win32
		{BB45DA32-95B6-470A-9FAD-F09A68560F4B}.Release|Win32.ActiveCfg = Release|Win32
		{BB45DA32-95B6-470A-9FAD-F09A68560F4B}.Release|Win32.Build.0 = Release|Win32
		{72E686BC-56D9-49CE-8E9B-BEA39B806A0C}.Debug DLL|Win32.ActiveCfg = Debug|Win32
		{72E686BC-56D9-49CE-8E9B-BEA39B806A0C}.Debug static|Win32.ActiveCfg = Debug|Win32
		{72E686BC-56D9-49CE-8E9B-BEA39B806A0C}.Debug|Win32.ActiveCfg = Debug|Win32
		{72E686BC-56D9-49CE-8E9B-BEA39B806A0C}.Debug|Win32.Build.0 = Debug|Win32
		{72E686BC-56D9-49CE-8E9B-BEA39B806A0C}.Release DLL|Win32.ActiveCfg = Release|Win32
		{72E686BC-56D9-49CE-8E9B-BEA39B806A0C}.Release static|Win32.ActiveCfg = Release|Win32
		{72E686BC-56D9-49CE-8E9B-BEA39B806A0C}.Release|Win32.ActiveCfg = Release|Win32
		{72E686BC-56D9-49CE-8E9B-BEA39B806A0C}.Release|Win32.Build.0 = Release|Win32
		{FADB562F-3F3E-4717-AC90-C25C719371C1}.Debug DLL|Win32.ActiveCfg = Debug|Win32
		{FADB562F-3F3E-4717-AC90-C25C719371C1}.Debug DLL|Win32.Build.0 = Debug|Win32
		{FADB562F-3F3E-4717-AC90-C25C719371C1}.Debug static|Win32.ActiveCfg = Debug|Win32
		{FADB562F-3F3E-4717-AC90-C25C719371C1}.Debug static|Win32.Build.0 = Debug|Win32
		{FADB562F-3F3E-4717-AC90-C25C719371C1}.Debug|Win32.ActiveCfg = Debug|Win32
		{FADB562F-3F3E-4717-AC90-C25C719371C1}.Debug|Win32.Build.0 = Debug|Win32
		{FADB562F-3F3E-4717-AC90-C25C719371C1}.Release DLL|Win32.ActiveCfg = Release|Win32
		{FADB562F-3F3E-4717-AC90-C25C719371C1}.Release DLL|Win32.Build.0 = Release|Win32
		{FADB562F-3F3E-4717-AC90-C25C719371C1}.Release static|Win32.ActiveCfg = Release|Win32
		{FADB562F-3F3E-4717-AC90-C25C719371C1}.Release static|Win32.Build.0 = Release|Win32
		{FADB562F-3F3E-4717-AC90-C25C719371C1}.Release|Win32.ActiveCfg = Release|Win32
		{FADB562F-3F3E-4717-AC90-C25C719371C1}.Release|Win32.Build.0 = Release|Win32
		{BCF21EF2-13E9-4240-8FA6-A089BE1CC3C6}.Debug DLL|Win32.ActiveCfg = Debug|Win32
		{BCF21EF2-13E9-4240-8FA6-A089BE1CC3C6}.Debug DLL|Win32.Build.0 = Debug|Win32
		{BCF21EF2-13E9-4240-8FA6-A089BE1CC3C6}.Debug static|Win32.ActiveCfg = Debug|Win32
		{BCF21EF2-13E9-4240-8FA6-A089BE1CC3C6}.Debug static|Win32.Build.0 = Debug|Win32
		{BCF21EF2-13E9-4240-8FA6-A089BE1CC3C6}.Debug|Win32.ActiveCfg = Debug|Win32
		{BCF21EF2-13E9-4240-8FA6-A089BE1CC3C6}.Debug|Win32.Build.0 = Debug|Win32
		{BCF21EF2-13E9-4240-8FA6-A089BE1CC3C6}.Release DLL|Win32.ActiveCfg = Release|Win32
		{BCF21EF2-13E9-4240-8FA6-A089BE1CC3C6}.Release DLL|Win32.Build.0 = Release|Win32
		{BCF21EF2-13E9-4240-8FA6-A089BE1CC3C6}.Release static|Win32.ActiveCfg = Release|Win32
		{BCF21EF2-13E9-4240-8FA6-A089BE1CC3C6}.Release static|Win32.Build.0 = Release|Win32
		{BCF21EF2-13E9-4240-8FA6-A089BE1CC3C6}.Release|Win32.ActiveCfg = Release|Win32
		{BCF21EF2-13E9-4240-8FA6-A089BE1CC3C6}.Release|Win32.Build.0 = Release|Win32
		{FA4620B1-393A-4719-9BB4-3BC8CAA70C4B}.Debug DLL|Win32.ActiveCfg = Debug DLL|Win32
		{FA4620B1-393A-4719-9BB4-3BC8CAA70C4B}.Debug DLL|Win32.Build.0 = Debug DLL|Win32
		{FA4620B1-393A-4719-9BB4-3BC8CAA70C4B}.Debug static|Win32.ActiveCfg = Debug static|Win32
		{FA4620B1-393A-4719-9BB4-3BC8CAA70C4B}.Debug static|Win32.Build.0 = Debug static|Win32
		{FA4620B1-393A-4719-9BB4-3BC8CAA70C4B}.Debug|Win32.ActiveCfg = Debug static|Win32
		{FA4620B1-393A-4719-9BB4-3BC8CAA70C4B}.Debug|Win32.Build.0 = Debug static|Win32
		{FA4620B1-393A-4719-9BB4-3BC8CAA70C4B}.Release DLL|Win32.ActiveCfg = Release DLL|Win32
		{FA4620B1-393A-4719-9BB4-3BC8CAA70C4B}.Release DLL|Win32.Build.0 = Release DLL|Win32
		{FA4620B1-393A-4719-9BB4-3BC8CAA70C4B}.Release static|Win32.ActiveCfg = Release static|Win32
		{FA4620B1-393A-4719-9BB4-3BC8CAA70C4B}.Release static|Win32.Build.0 = Release static|Win32
		{FA4620B1-393A-4719-9BB4-3BC8CAA70C4B}.Release|Win32.ActiveCfg = Release static|Win32
		{FA4620B1-393A-4719-9BB4-3BC8CAA70C4B}.Release|Win32.Build.0 = Release static|Win32
		{0F9CE5F0-4D89-4314-9147-8AAB1B8842ED}.Debug DLL|Win32.ActiveCfg = Debug DLL|Win32
		{0F9CE5F0-4D89-4314-9147-8AAB1B8842ED}.Debug DLL|Win32.Build.0 = Debug DLL|Win32
		{0F9CE5F0-4D89-4314-9147-8AAB1B8842ED}.Debug static|Win32.ActiveCfg = Debug static|Win32
		{0F9CE5F0-4D89-4314-9147-8AAB1B8842ED}.Debug static|Win32.Build.0 = Debug static|Win32
		{0F9CE5F0-4D89-4314-9147-8AAB1B8842ED}.Debug|Win32.ActiveCfg = Debug static|Win32
		{0F9CE5F0-4D89-4314-9147-8AAB1B8842ED}.Debug|Win32.Build.0 = Debug static|Win32
		{0F9CE5F0-4D89-4314-9147-8AAB1B8842ED}.Release DLL|Win32.ActiveCfg = Release DLL|Win32
		{0F9CE5F0-4D89-4314-9147-8AAB1B8842ED}.Release DLL|Win32.Build.0 = Release DLL|Win32
		{0F9CE5F0-4D89-4314-9147-8AAB1B8842ED}.Release static|Win32.ActiveCfg = Release static|Win32
		{0F9CE5F0-4D89-4314-9147-8AAB1B8842ED}.Release static|Win32.Build.0 = Release static|Win32
		{0F9CE5F0-4D89-4314-9147-8AAB1B8842ED}.Release|Win32.ActiveCfg = Release static|Win32
		{0F9CE5F0-4D89-4314-9147-8AAB1B8842ED}.Release|Win32.Build.0 = Release static|Win32
		{C061A27D-7CA0-4179-9869-672FA04A86A8}.Debug DLL|Win32.ActiveCfg = Debug DLL|Win32
		{C061A27D-7CA0-4179-9869-672FA04A86A8}.Debug DLL|Win32.Build.0 = Debug DLL|Win32
		{C061A27D-7CA0-4179-9869-672FA04A86A8}.Debug static|Win32.ActiveCfg = Debug static|Win32
		{C061A27D-7CA0-4179-9869-672FA04A86A8}.Debug static|Win32.Build.0 = Debug static|Win32
		{C061A27D-7CA0-4179-9869-672FA04A86A8}.Debug|Win32.ActiveCfg = Debug static|Win32
		{C061A27D-7CA0-4179-9869-672FA04A86A8}.Debug|Win32.Build.0 = Debug static|Win32
		{C061A27D-7CA0-4179-9869-672FA04A86A8}.Release DLL|Win32.ActiveCfg = Release DLL|Win32
		{C061A27D-7CA0-4179-9869-672FA04A86A8}.Release DLL|Win32.Build.0 = Release DLL|Win32
		{C061A27D-7CA0-4179-9869-672FA04A86A8}.Release static|Win32.ActiveCfg = Release static|Win32
		{C061A27D-7CA0-4179-9869-672FA04A86A8}.Release static|Win32.Build.0 = Release static|Win32
		{C061A27D-7CA0-4179-9869-672FA04A86A8}.Release|Win32.ActiveCfg = Release static|Win32
		{C061A27D-7CA0-4179-9869-672FA04A86A8}.Release|Win32.Build.0 = Release static|Win32
		{A6DF0867-321A-4775-B808-D3CFD1408910}.Debug DLL|Win32.ActiveCfg = Debug|Win32
		{A6DF0867-321A-4775-B808-D3CFD1408910}.Debug DLL|Win32.Build.0 = Debug|Win32
		{A6DF0867-321A-4775-B808-D3CFD1408910}.Debug static|Win32.ActiveCfg = Debug|Win32
		{A6DF0867-321A-4775-B808-D3CFD1408910}.Debug static|Win32.Build.0 = Debug|Win32
		{A6DF0867-321A-4775-B808-D3CFD1408910}.Debug|Win32.ActiveCfg = Debug|Win32
		{A6DF0867-321A-4775-B808-D3CFD1408910}.Debug|Win32.Build.0 = Debug|Win32
		{A6DF0867-321A-4775-B808-D3CFD1408910}.Release DLL|Win32.ActiveCfg = Release|Win32
		{A6DF0867-321A-4775-B808-D3CFD1408910}.Release DLL|Win32.Build.0 = Release|Win32
		{A6DF0867-321A-4775-B808-D3CFD1408910}.Release static|Win32.ActiveCfg = Release|Win32
		{A6DF0867-321A-4775-B808-D3CFD1408910}.Release static|Win32.Build.0 = Release|Win32
		{A6DF0867-321A-4775-B808-D3CFD1408910}.Release|Win32.ActiveCfg = Release|Win32
		{A6DF0867-321A-4775-B808-D3CFD1408910}.Release|Win32.Build.0 = Release|Win32
		{56A3809B-33B0-466C-A592-DB730C4D0202}.Debug DLL|Win32.ActiveCfg = Debug|Win32
		{56A3809B-33B0-466C-A592-DB730C4D0202}.Debug DLL|Win32.Build.0 = Debug|Win32
		{56A3809B-33B0-466C-A592-DB730C4D0202}.Debug static|Win32.ActiveCfg = Debug|Win32
		{56A3809B-33B0-466C-A592-DB730C4D0202}.Debug static|Win32.Build.0 = Debug|Win32
		{56A3809B-33B0-466C-A592-DB730C4D0202}.Debug|Win32.ActiveCfg = Debug|Win32
		{56A3809B-33B0-466C-A592-DB730C4D0202}.Debug|Win32.Build.0 = Debug|Win32
		{56A3809B-33B0-466C-A592-DB730C4D0202}.Release DLL|Win32.ActiveCfg = Release|Win32
		{56A3809B-33B0-466C-A592-DB730C4D0202}.Release DLL|Win32.Build.0 = Release|Win32
		{56A3809B-33B0-466C-A592-DB730C4D0202}.Release static|Win32.ActiveCfg = Release|Win32
		{56A3809B-33B0-466C-A592-DB730C4D0202}.Release static|Win32.Build.0 = Release|Win32
		{56A3809B-33B0-466C-A592-DB730C4D0202}.Release|Win32.ActiveCfg = Release|Win32
		{56A3809B-33B0-466C-A592-DB730C4D0202}.Release|Win32.Build.0 = Release|Win32
		{0F8FA599-5004-4421-A227-E73683D09892}.Debug DLL|Win32.ActiveCfg = Debug|Win32
		{0F8FA599-5004-4421-A227-E73683D09892}.Debug DLL|Win32.Build.0 = Debug|Win32
		{0F8FA599-5004-4421-A227-E73683D09892}.Debug static|Win32.ActiveCfg = Debug|Win32
		{0F8FA599-5004-4421-A227-E73683D09892}.Debug static|Win32.Build.0 = Debug|Win32
		{0F8FA599-5004-4421-A227-E73683D09892}.Debug|Win32.ActiveCfg = Debug|Win32
		{0F8FA599-5004-4421-A227-E73683D09892}.Debug|Win32.Build.0 = Debug|Win32
		{0F8FA599-5004-4421-A227-E73683D09892}.Release DLL|Win32.ActiveCfg = Release|Win32
		{0F8FA599-5004-4421-A227-E73683D09892}.Release DLL|Win32.Build.0 = Release|Win32
		{0F8FA599-5004-4421-A227-E73683D09892}.Release static|Win32.ActiveCfg = Release|Win32
		{0F8FA599-5004-4421-A227-E73683D09892}.Release static|Win32.Build.0 = Release|Win32
		{0F8FA599-5004-4421-A227-E73683D09892}.Release|Win32.ActiveCfg = Release|Win32
		{0F8FA599-5004-4421-A227-E73683D09892}.Release|Win32.Build.0 = Release|Win32
	EndGlobalSection
	GlobalSection(SolutionProperties) = preSolution
		HideSolutionNode = FALSE
	EndGlobalSection
	GlobalSection(NestedProjects) = preSolution
		{BCF21EF2-13E9-4240-8FA6-A089BE1CC3C6} = {5C56C1E0-0A2F-4177-A9AB-803F0988D936}
		{FA4620B1-393A-4719-9BB4-3BC8CAA70C4B} = {5C56C1E0-0A2F-4177-A9AB-803F0988D936}
		{0F9CE5F0-4D89-4314-9147-8AAB1B8842ED} = {5C56C1E0-0A2F-4177-A9AB-803F0988D936}
		{C061A27D-7CA0-4179-9869-672FA04A86A8} = {5C56C1E0-0A2F-4177-A9AB-803F0988D936}
		{A6DF0867-321A-4775-B808-D3CFD1408910} = {5C56C1E0-0A2F-4177-A9AB-803F0988D936}
		{56A3809B-33B0-466C-A592-DB730C4D0202} = {5C56C1E0-0A2F-4177-A9AB-803F0988D936}
	EndGlobalSection
EndGlobal
