
Microsoft Visual Studio Solution File, Format Version 11.00
# Visual Studio 2010
Project("{8BC9CEB8-8B4A-11D0-8D11-00A0C91BC942}") = "algovis c++", "algovis c++\algovis c++.vcxproj", "{BB45DA32-95B6-470A-9FAD-F09A68560F4B}"
	ProjectSection(ProjectDependencies) = postProject
		{BCF21EF2-13E9-4240-8FA6-A089BE1CC3C6} = {BCF21EF2-13E9-4240-8FA6-A089BE1CC3C6}
	EndProjectSection
EndProject
Project("{8BC9CEB8-8B4A-11D0-8D11-00A0C91BC942}") = "algovis test", "algovis test\algovis test.vcxproj", "{FADB562F-3F3E-4717-AC90-C25C719371C1}"
	ProjectSection(ProjectDependencies) = postProject
		{BB45DA32-95B6-470A-9FAD-F09A68560F4B} = {BB45DA32-95B6-470A-9FAD-F09A68560F4B}
		{38C25842-AF95-4340-B094-FCFE9D52EC26} = {38C25842-AF95-4340-B094-FCFE9D52EC26}
		{BCF21EF2-13E9-4240-8FA6-A089BE1CC3C6} = {BCF21EF2-13E9-4240-8FA6-A089BE1CC3C6}
	EndProjectSection
EndProject
Project("{8BC9CEB8-8B4A-11D0-8D11-00A0C91BC942}") = "algovis c++ unit-tests", "algovis c++ unit-tests\algovis c++ unit-tests.vcxproj", "{72E686BC-56D9-49CE-8E9B-BEA39B806A0C}"
	ProjectSection(ProjectDependencies) = postProject
		{BB45DA32-95B6-470A-9FAD-F09A68560F4B} = {BB45DA32-95B6-470A-9FAD-F09A68560F4B}
		{BCF21EF2-13E9-4240-8FA6-A089BE1CC3C6} = {BCF21EF2-13E9-4240-8FA6-A089BE1CC3C6}
	EndProjectSection
EndProject
Project("{8BC9CEB8-8B4A-11D0-8D11-00A0C91BC942}") = "utilities-lib", "..\..\resources\utilities-lib\utilities-lib.vcxproj", "{BCF21EF2-13E9-4240-8FA6-A089BE1CC3C6}"
EndProject
Project("{8BC9CEB8-8B4A-11D0-8D11-00A0C91BC942}") = "view", "..\..\trunk\view\view.vcxproj", "{38C25842-AF95-4340-B094-FCFE9D52EC26}"
EndProject
Global
	GlobalSection(SolutionConfigurationPlatforms) = preSolution
		Debug|Win32 = Debug|Win32
		Release|Win32 = Release|Win32
	EndGlobalSection
	GlobalSection(ProjectConfigurationPlatforms) = postSolution
		{BB45DA32-95B6-470A-9FAD-F09A68560F4B}.Debug|Win32.ActiveCfg = Debug|Win32
		{BB45DA32-95B6-470A-9FAD-F09A68560F4B}.Debug|Win32.Build.0 = Debug|Win32
		{BB45DA32-95B6-470A-9FAD-F09A68560F4B}.Release|Win32.ActiveCfg = Release|Win32
		{BB45DA32-95B6-470A-9FAD-F09A68560F4B}.Release|Win32.Build.0 = Release|Win32
		{FADB562F-3F3E-4717-AC90-C25C719371C1}.Debug|Win32.ActiveCfg = Debug|Win32
		{FADB562F-3F3E-4717-AC90-C25C719371C1}.Debug|Win32.Build.0 = Debug|Win32
		{FADB562F-3F3E-4717-AC90-C25C719371C1}.Release|Win32.ActiveCfg = Release|Win32
		{FADB562F-3F3E-4717-AC90-C25C719371C1}.Release|Win32.Build.0 = Release|Win32
		{72E686BC-56D9-49CE-8E9B-BEA39B806A0C}.Debug|Win32.ActiveCfg = Debug|Win32
		{72E686BC-56D9-49CE-8E9B-BEA39B806A0C}.Debug|Win32.Build.0 = Debug|Win32
		{72E686BC-56D9-49CE-8E9B-BEA39B806A0C}.Release|Win32.ActiveCfg = Release|Win32
		{72E686BC-56D9-49CE-8E9B-BEA39B806A0C}.Release|Win32.Build.0 = Release|Win32
		{BCF21EF2-13E9-4240-8FA6-A089BE1CC3C6}.Debug|Win32.ActiveCfg = Debug|Win32
		{BCF21EF2-13E9-4240-8FA6-A089BE1CC3C6}.Debug|Win32.Build.0 = Debug|Win32
		{BCF21EF2-13E9-4240-8FA6-A089BE1CC3C6}.Release|Win32.ActiveCfg = Release|Win32
		{BCF21EF2-13E9-4240-8FA6-A089BE1CC3C6}.Release|Win32.Build.0 = Release|Win32
		{38C25842-AF95-4340-B094-FCFE9D52EC26}.Debug|Win32.ActiveCfg = Debug|Win32
		{38C25842-AF95-4340-B094-FCFE9D52EC26}.Debug|Win32.Build.0 = Debug|Win32
		{38C25842-AF95-4340-B094-FCFE9D52EC26}.Release|Win32.ActiveCfg = Release|Win32
		{38C25842-AF95-4340-B094-FCFE9D52EC26}.Release|Win32.Build.0 = Release|Win32
	EndGlobalSection
	GlobalSection(SolutionProperties) = preSolution
		HideSolutionNode = FALSE
	EndGlobalSection
EndGlobal
