<?xml version="1.0" encoding="utf-8"?>
<Project ToolsVersion="4.0" xmlns="http://schemas.microsoft.com/developer/msbuild/2003">
  <ItemGroup>
    <Filter Include="src">
      <UniqueIdentifier>{11f2f05d-6c77-4e2a-8b6f-df1880b806f9}</UniqueIdentifier>
    </Filter>
    <Filter Include="src\wrappers">
      <UniqueIdentifier>{e7f5c1fa-1304-46c0-90f2-31af21ab4f01}</UniqueIdentifier>
    </Filter>
    <Filter Include="src\misc_ds">
      <UniqueIdentifier>{f6fb0f56-830e-4288-b546-2018d2870a44}</UniqueIdentifier>
    </Filter>
    <Filter Include="docs">
      <UniqueIdentifier>{cdb653a6-b6ec-44ee-95c1-237d831f65db}</UniqueIdentifier>
    </Filter>
  </ItemGroup>
  <ItemGroup>
    <ClInclude Include="src\conversions.h">
      <Filter>src</Filter>
    </ClInclude>
    <ClInclude Include="src\idManager.h">
      <Filter>src</Filter>
    </ClInclude>
    <ClInclude Include="src\operatorOverloads.h">
      <Filter>src</Filter>
    </ClInclude>
    <ClInclude Include="src\settingsManager.h">
      <Filter>src</Filter>
    </ClInclude>
    <ClInclude Include="src\typeInterface.h">
      <Filter>src</Filter>
    </ClInclude>
    <ClInclude Include="src\unconversions.h">
      <Filter>src</Filter>
    </ClInclude>
    <ClInclude Include="src\userFunctions.h">
      <Filter>src</Filter>
    </ClInclude>
    <ClInclude Include="src\wrapperWorkarounds.h">
      <Filter>src</Filter>
    </ClInclude>
    <ClInclude Include="src\wrappers\charWrapper.h">
      <Filter>src\wrappers</Filter>
    </ClInclude>
    <ClInclude Include="src\wrappers\dequeWrapper.h">
      <Filter>src\wrappers</Filter>
    </ClInclude>
    <ClInclude Include="src\wrappers\doubleWrapper.h">
      <Filter>src\wrappers</Filter>
    </ClInclude>
    <ClInclude Include="src\wrappers\floatWrapper.h">
      <Filter>src\wrappers</Filter>
    </ClInclude>
    <ClInclude Include="src\wrappers\intWrapper.h">
      <Filter>src\wrappers</Filter>
    </ClInclude>
    <ClInclude Include="src\wrappers\primitiveWrapper.h">
      <Filter>src\wrappers</Filter>
    </ClInclude>
    <ClInclude Include="src\wrappers\stringWrapper.h">
      <Filter>src\wrappers</Filter>
    </ClInclude>
    <ClInclude Include="src\wrappers\vectorWrapper.h">
      <Filter>src\wrappers</Filter>
    </ClInclude>
    <ClInclude Include="src\wrappers\wrapper.h">
      <Filter>src\wrappers</Filter>
    </ClInclude>
    <ClInclude Include="src\misc_ds\AlgoMatrix.h">
      <Filter>src\misc_ds</Filter>
    </ClInclude>
  </ItemGroup>
  <ItemGroup>
    <ClCompile Include="src\idManager.cpp">
      <Filter>src</Filter>
    </ClCompile>
    <ClCompile Include="src\main.cpp">
      <Filter>src</Filter>
    </ClCompile>
    <ClCompile Include="src\operatorOverloads.cpp">
      <Filter>src</Filter>
    </ClCompile>
    <ClCompile Include="src\settingsManager.cpp">
      <Filter>src</Filter>
    </ClCompile>
    <ClCompile Include="src\wrappers\stringWrapper.cpp">
      <Filter>src\wrappers</Filter>
    </ClCompile>
  </ItemGroup>
  <ItemGroup>
    <None Include="src\wrappers\dequeWrapper.inl">
      <Filter>src\wrappers</Filter>
    </None>
    <None Include="src\wrappers\stringWrapper.inl">
      <Filter>src\wrappers</Filter>
    </None>
    <None Include="src\wrappers\vectorWrapper.inl">
      <Filter>src\wrappers</Filter>
    </None>
    <None Include="src\misc_ds\AlgoMatrix.inl">
      <Filter>src\misc_ds</Filter>
    </None>
  </ItemGroup>
</Project>